
Microsoft Visual Studio Solution File, Format Version 12.00
# Visual Studio Version 17
VisualStudioVersion = 17.14.36623.8 d17.14
MinimumVisualStudioVersion = 10.0.40219.1
Project("{FAE04EC0-301F-11D3-BF4B-00C04F79EFBC}") = "TradeFlow.Worker", "..\TradeFlowDemo\TradeFlow.Worker\TradeFlow.Worker.csproj", "{465EA5B4-6529-4892-AD86-D7ACA8FE2369}"
EndProject
Global
	GlobalSection(SolutionConfigurationPlatforms) = preSolution
		Debug|Any CPU = Debug|Any CPU
		Release|Any CPU = Release|Any CPU
	EndGlobalSection
	GlobalSection(ProjectConfigurationPlatforms) = postSolution
		{465EA5B4-6529-4892-AD86-D7ACA8FE2369}.Debug|Any CPU.ActiveCfg = Debug|Any CPU
		{465EA5B4-6529-4892-AD86-D7ACA8FE2369}.Debug|Any CPU.Build.0 = Debug|Any CPU
		{465EA5B4-6529-4892-AD86-D7ACA8FE2369}.Release|Any CPU.ActiveCfg = Release|Any CPU
		{465EA5B4-6529-4892-AD86-D7ACA8FE2369}.Release|Any CPU.Build.0 = Release|Any CPU
	EndGlobalSection
	GlobalSection(SolutionProperties) = preSolution
		HideSolutionNode = FALSE
	EndGlobalSection
	GlobalSection(ExtensibilityGlobals) = postSolution
		SolutionGuid = {E2B60A0E-0F87-4E28-9438-0FA05AA53CB3}
	EndGlobalSection
EndGlobal
